
Microsoft Visual Studio Solution File, Format Version 11.00
# Visual C# Express 2010
Project("{FAE04EC0-301F-11D3-BF4B-00C04F79EFBC}") = "WpfDatabindingQuestion", "WpfDatabindingQuestion\WpfDatabindingQuestion.csproj", "{66B9D64C-DEDC-40D4-9559-6C08F185F7BF}"
EndProject
Global
	GlobalSection(SolutionConfigurationPlatforms) = preSolution
		Debug|x86 = Debug|x86
		Release|x86 = Release|x86
	EndGlobalSection
	GlobalSection(ProjectConfigurationPlatforms) = postSolution
		{66B9D64C-DEDC-40D4-9559-6C08F185F7BF}.Debug|x86.ActiveCfg = Debug|x86
		{66B9D64C-DEDC-40D4-9559-6C08F185F7BF}.Debug|x86.Build.0 = Debug|x86
		{66B9D64C-DEDC-40D4-9559-6C08F185F7BF}.Release|x86.ActiveCfg = Release|x86
		{66B9D64C-DEDC-40D4-9559-6C08F185F7BF}.Release|x86.Build.0 = Release|x86
	EndGlobalSection
	GlobalSection(SolutionProperties) = preSolution
		HideSolutionNode = FALSE
	EndGlobalSection
EndGlobal
